
Microsoft Visual Studio Solution File, Format Version 12.00
# Visual Studio Version 16
VisualStudioVersion = 16.0.29709.97
MinimumVisualStudioVersion = 10.0.40219.1
Project("{FAE04EC0-301F-11D3-BF4B-00C04F79EFBC}") = "SalesWebMvc", "SalesWebMvc\SalesWebMvc.csproj", "{1D21397F-9E14-4C9D-8C5D-10CBE1AAF94F}"
EndProject
Global
	GlobalSection(SolutionConfigurationPlatforms) = preSolution
		Debug|Any CPU = Debug|Any CPU
		Release|Any CPU = Release|Any CPU
	EndGlobalSection
	GlobalSection(ProjectConfigurationPlatforms) = postSolution
		{1D21397F-9E14-4C9D-8C5D-10CBE1AAF94F}.Debug|Any CPU.ActiveCfg = Debug|Any CPU
		{1D21397F-9E14-4C9D-8C5D-10CBE1AAF94F}.Debug|Any CPU.Build.0 = Debug|Any CPU
		{1D21397F-9E14-4C9D-8C5D-10CBE1AAF94F}.Release|Any CPU.ActiveCfg = Release|Any CPU
		{1D21397F-9E14-4C9D-8C5D-10CBE1AAF94F}.Release|Any CPU.Build.0 = Release|Any CPU
	EndGlobalSection
	GlobalSection(SolutionProperties) = preSolution
		HideSolutionNode = FALSE
	EndGlobalSection
	GlobalSection(ExtensibilityGlobals) = postSolution
		SolutionGuid = {08B12EFD-3D6E-4246-9F4B-110E25CC5B05}
	EndGlobalSection
EndGlobal
